
Microsoft Visual Studio Solution File, Format Version 12.00
# Visual Studio Version 17
VisualStudioVersion = 17.9.34728.123
MinimumVisualStudioVersion = 10.0.40219.1
Project("{FAE04EC0-301F-11D3-BF4B-00C04F79EFBC}") = "Group Demo", "Group Demo\Group Demo.csproj", "{5793891B-AB67-4776-80B8-9360BE213BE4}"
EndProject
Global
	GlobalSection(SolutionConfigurationPlatforms) = preSolution
		Debug|Any CPU = Debug|Any CPU
		Release|Any CPU = Release|Any CPU
	EndGlobalSection
	GlobalSection(ProjectConfigurationPlatforms) = postSolution
		{5793891B-AB67-4776-80B8-9360BE213BE4}.Debug|Any CPU.ActiveCfg = Debug|Any CPU
		{5793891B-AB67-4776-80B8-9360BE213BE4}.Debug|Any CPU.Build.0 = Debug|Any CPU
		{5793891B-AB67-4776-80B8-9360BE213BE4}.Release|Any CPU.ActiveCfg = Release|Any CPU
		{5793891B-AB67-4776-80B8-9360BE213BE4}.Release|Any CPU.Build.0 = Release|Any CPU
	EndGlobalSection
	GlobalSection(SolutionProperties) = preSolution
		HideSolutionNode = FALSE
	EndGlobalSection
	GlobalSection(ExtensibilityGlobals) = postSolution
		SolutionGuid = {C90062C7-1F8F-4454-8098-E4C18A0C0B2D}
	EndGlobalSection
EndGlobal
